
Microsoft Visual Studio Solution File, Format Version 12.00
Project("{FAE04EC0-301F-11D3-BF4B-00C04F79EFBC}") = "ObsidianEventStream.Api", "ObsidianEventStream.Api\ObsidianEventStream.Api.csproj", "{07E7F1EF-20FA-49A9-ACB0-4B45B034CC31}"
EndProject
Project("{FAE04EC0-301F-11D3-BF4B-00C04F79EFBC}") = "ObsidianEventStream.Canvas", "ObsidianEventStream.Canvas\ObsidianEventStream.Canvas.csproj", "{AB5540E0-A055-440A-9A28-BC4F2DA1581B}"
EndProject
Project("{FAE04EC0-301F-11D3-BF4B-00C04F79EFBC}") = "ObsidianEventStream.Console", "ObsidianEventStream.Console\ObsidianEventStream.Console.csproj", "{69D706D1-5C9B-487A-A58B-BD266E6E550E}"
EndProject
Global
	GlobalSection(SolutionConfigurationPlatforms) = preSolution
		Debug|Any CPU = Debug|Any CPU
		Release|Any CPU = Release|Any CPU
	EndGlobalSection
	GlobalSection(ProjectConfigurationPlatforms) = postSolution
		{07E7F1EF-20FA-49A9-ACB0-4B45B034CC31}.Debug|Any CPU.ActiveCfg = Debug|Any CPU
		{07E7F1EF-20FA-49A9-ACB0-4B45B034CC31}.Debug|Any CPU.Build.0 = Debug|Any CPU
		{07E7F1EF-20FA-49A9-ACB0-4B45B034CC31}.Release|Any CPU.ActiveCfg = Release|Any CPU
		{07E7F1EF-20FA-49A9-ACB0-4B45B034CC31}.Release|Any CPU.Build.0 = Release|Any CPU
		{AB5540E0-A055-440A-9A28-BC4F2DA1581B}.Debug|Any CPU.ActiveCfg = Debug|Any CPU
		{AB5540E0-A055-440A-9A28-BC4F2DA1581B}.Debug|Any CPU.Build.0 = Debug|Any CPU
		{AB5540E0-A055-440A-9A28-BC4F2DA1581B}.Release|Any CPU.ActiveCfg = Release|Any CPU
		{AB5540E0-A055-440A-9A28-BC4F2DA1581B}.Release|Any CPU.Build.0 = Release|Any CPU
		{69D706D1-5C9B-487A-A58B-BD266E6E550E}.Debug|Any CPU.ActiveCfg = Debug|Any CPU
		{69D706D1-5C9B-487A-A58B-BD266E6E550E}.Debug|Any CPU.Build.0 = Debug|Any CPU
		{69D706D1-5C9B-487A-A58B-BD266E6E550E}.Release|Any CPU.ActiveCfg = Release|Any CPU
		{69D706D1-5C9B-487A-A58B-BD266E6E550E}.Release|Any CPU.Build.0 = Release|Any CPU
	EndGlobalSection
EndGlobal
